
Microsoft Visual Studio Solution File, Format Version 12.00
# Visual Studio Version 16
VisualStudioVersion = 16.0.33130.400
MinimumVisualStudioVersion = 10.0.40219.1
Project("{FAE04EC0-301F-11D3-BF4B-00C04F79EFBC}") = "YSMK.SpecflowAutomation", "YSMK.SpecflowAutomation\YSMK.SpecflowAutomation.csproj", "{FF71B175-1DCB-4B49-8100-BBBC6CBA05C3}"
EndProject
Global
	GlobalSection(SolutionConfigurationPlatforms) = preSolution
		Debug|Any CPU = Debug|Any CPU
		Release|Any CPU = Release|Any CPU
	EndGlobalSection
	GlobalSection(ProjectConfigurationPlatforms) = postSolution
		{FF71B175-1DCB-4B49-8100-BBBC6CBA05C3}.Debug|Any CPU.ActiveCfg = Debug|Any CPU
		{FF71B175-1DCB-4B49-8100-BBBC6CBA05C3}.Debug|Any CPU.Build.0 = Debug|Any CPU
		{FF71B175-1DCB-4B49-8100-BBBC6CBA05C3}.Release|Any CPU.ActiveCfg = Release|Any CPU
		{FF71B175-1DCB-4B49-8100-BBBC6CBA05C3}.Release|Any CPU.Build.0 = Release|Any CPU
	EndGlobalSection
	GlobalSection(SolutionProperties) = preSolution
		HideSolutionNode = FALSE
	EndGlobalSection
	GlobalSection(ExtensibilityGlobals) = postSolution
		SolutionGuid = {38ACBB7A-1C8C-4DE3-A9FF-F17F19932CC0}
	EndGlobalSection
EndGlobal
